
Microsoft Visual Studio Solution File, Format Version 12.00
# Visual Studio 15
VisualStudioVersion = 15.0.26124.0
MinimumVisualStudioVersion = 15.0.26124.0
Project("{2150E333-8FDC-42A3-9474-1A3956D46DE8}") = "src", "src", "{5F9014D5-6A2F-4575-B53B-E8842A4B019C}"
EndProject
Project("{FAE04EC0-301F-11D3-BF4B-00C04F79EFBC}") = "CommandAPI", "src\CommandAPI\CommandAPI.csproj", "{425B22C8-23FB-4794-B85F-D700575004DB}"
EndProject
Project("{2150E333-8FDC-42A3-9474-1A3956D46DE8}") = "test", "test", "{8306194A-0691-42A2-84DB-B1AB2D7E7B3A}"
EndProject
Project("{FAE04EC0-301F-11D3-BF4B-00C04F79EFBC}") = "CommandAPI.Tests", "test\CommandAPI.Tests\CommandAPI.Tests.csproj", "{3D78009D-5606-4DDD-BB99-77EA86F82325}"
EndProject
Global
	GlobalSection(SolutionConfigurationPlatforms) = preSolution
		Debug|Any CPU = Debug|Any CPU
		Debug|x64 = Debug|x64
		Debug|x86 = Debug|x86
		Release|Any CPU = Release|Any CPU
		Release|x64 = Release|x64
		Release|x86 = Release|x86
	EndGlobalSection
	GlobalSection(SolutionProperties) = preSolution
		HideSolutionNode = FALSE
	EndGlobalSection
	GlobalSection(ProjectConfigurationPlatforms) = postSolution
		{425B22C8-23FB-4794-B85F-D700575004DB}.Debug|Any CPU.ActiveCfg = Debug|Any CPU
		{425B22C8-23FB-4794-B85F-D700575004DB}.Debug|Any CPU.Build.0 = Debug|Any CPU
		{425B22C8-23FB-4794-B85F-D700575004DB}.Debug|x64.ActiveCfg = Debug|Any CPU
		{425B22C8-23FB-4794-B85F-D700575004DB}.Debug|x64.Build.0 = Debug|Any CPU
		{425B22C8-23FB-4794-B85F-D700575004DB}.Debug|x86.ActiveCfg = Debug|Any CPU
		{425B22C8-23FB-4794-B85F-D700575004DB}.Debug|x86.Build.0 = Debug|Any CPU
		{425B22C8-23FB-4794-B85F-D700575004DB}.Release|Any CPU.ActiveCfg = Release|Any CPU
		{425B22C8-23FB-4794-B85F-D700575004DB}.Release|Any CPU.Build.0 = Release|Any CPU
		{425B22C8-23FB-4794-B85F-D700575004DB}.Release|x64.ActiveCfg = Release|Any CPU
		{425B22C8-23FB-4794-B85F-D700575004DB}.Release|x64.Build.0 = Release|Any CPU
		{425B22C8-23FB-4794-B85F-D700575004DB}.Release|x86.ActiveCfg = Release|Any CPU
		{425B22C8-23FB-4794-B85F-D700575004DB}.Release|x86.Build.0 = Release|Any CPU
		{3D78009D-5606-4DDD-BB99-77EA86F82325}.Debug|Any CPU.ActiveCfg = Debug|Any CPU
		{3D78009D-5606-4DDD-BB99-77EA86F82325}.Debug|Any CPU.Build.0 = Debug|Any CPU
		{3D78009D-5606-4DDD-BB99-77EA86F82325}.Debug|x64.ActiveCfg = Debug|Any CPU
		{3D78009D-5606-4DDD-BB99-77EA86F82325}.Debug|x64.Build.0 = Debug|Any CPU
		{3D78009D-5606-4DDD-BB99-77EA86F82325}.Debug|x86.ActiveCfg = Debug|Any CPU
		{3D78009D-5606-4DDD-BB99-77EA86F82325}.Debug|x86.Build.0 = Debug|Any CPU
		{3D78009D-5606-4DDD-BB99-77EA86F82325}.Release|Any CPU.ActiveCfg = Release|Any CPU
		{3D78009D-5606-4DDD-BB99-77EA86F82325}.Release|Any CPU.Build.0 = Release|Any CPU
		{3D78009D-5606-4DDD-BB99-77EA86F82325}.Release|x64.ActiveCfg = Release|Any CPU
		{3D78009D-5606-4DDD-BB99-77EA86F82325}.Release|x64.Build.0 = Release|Any CPU
		{3D78009D-5606-4DDD-BB99-77EA86F82325}.Release|x86.ActiveCfg = Release|Any CPU
		{3D78009D-5606-4DDD-BB99-77EA86F82325}.Release|x86.Build.0 = Release|Any CPU
	EndGlobalSection
	GlobalSection(NestedProjects) = preSolution
		{425B22C8-23FB-4794-B85F-D700575004DB} = {5F9014D5-6A2F-4575-B53B-E8842A4B019C}
		{3D78009D-5606-4DDD-BB99-77EA86F82325} = {8306194A-0691-42A2-84DB-B1AB2D7E7B3A}
	EndGlobalSection
EndGlobal
